
Microsoft Visual Studio Solution File, Format Version 12.00
# Visual Studio 14
VisualStudioVersion = 14.0.23107.0
MinimumVisualStudioVersion = 10.0.40219.1
Project("{202899A3-C531-4771-9089-0213D66978AE}") = "ScopeApplication2", "ScopeApplication2\ScopeApplication2.scopeproj", "{E56C0C4C-79FF-4895-8242-23B895A84619}"
EndProject
Global
	GlobalSection(SolutionConfigurationPlatforms) = preSolution
		Debug|Any CPU = Debug|Any CPU
		Release|Any CPU = Release|Any CPU
	EndGlobalSection
	GlobalSection(ProjectConfigurationPlatforms) = postSolution
		{E56C0C4C-79FF-4895-8242-23B895A84619}.Debug|Any CPU.ActiveCfg = Debug|Any CPU
		{E56C0C4C-79FF-4895-8242-23B895A84619}.Debug|Any CPU.Build.0 = Debug|Any CPU
		{E56C0C4C-79FF-4895-8242-23B895A84619}.Release|Any CPU.ActiveCfg = Release|Any CPU
		{E56C0C4C-79FF-4895-8242-23B895A84619}.Release|Any CPU.Build.0 = Release|Any CPU
	EndGlobalSection
	GlobalSection(SolutionProperties) = preSolution
		HideSolutionNode = FALSE
	EndGlobalSection
EndGlobal
